# Provenance for the vendored skills/dungeon-world-gm/scripts/yamledit.pyz.
#
# The .pyz is a build artifact, not source: yamledit's own repo gitignores dist/,
# so there is nothing to submodule and nothing to fetch without a network build.
# It is committed here deliberately, and this file is what makes that honest.
#
# To refresh: in the yamledit checkout, `python build.py`, copy dist/yamledit.pyz
# over the vendored one, then update `tag`, `version` and `sha256` below in the
# SAME commit. tools/validate_skill.py fails CI if they drift apart.

repo: https://github.com/NimrodXMods/yamledit
tag: v3.0.6
version: "3.0.6"
sha256: db02bd4042644e4a25272c8ea9593cca99310d63fdab2c22175d035e247df201
