# Provenance for the vendored skills/dungeon-world-gm/scripts/yamledit.pyz.
#
# The .pyz is a build artifact, not source: yamledit's own repo gitignores dist/,
# so there is nothing to submodule and nothing to fetch without a network build.
# It is committed here deliberately, and this file is what makes that honest.
#
# To refresh: in the yamledit checkout, `python build.py`, copy dist/yamledit.pyz
# over the vendored one, then update `tag`, `version` and `sha256` below in the
# SAME commit. tools/validate_skill.py fails CI if they drift apart.

repo: https://github.com/NimrodXMods/yamledit
tag: v3.0.1
version: "3.0.1"
sha256: b2a05fc89e1a17041a81ca3722a862f58f8ad99824e0e65614f9b73028c0e70e
